
Microsoft Visual Studio Solution File, Format Version 12.00
# Visual Studio Version 16
VisualStudioVersion = 16.0.29613.14
MinimumVisualStudioVersion = 10.0.40219.1
Project("{FAE04EC0-301F-11D3-BF4B-00C04F79EFBC}") = "MountainTripTimeSample.UWP", "MountainTripTimeSample\MountainTripTimeSample.UWP\MountainTripTimeSample.UWP.csproj", "{BED3B79F-F58F-4570-8BE1-CB033B1C78A4}"
EndProject
Project("{FAE04EC0-301F-11D3-BF4B-00C04F79EFBC}") = "MountainTripTimeSample.Android", "MountainTripTimeSample\MountainTripTimeSample.Android\MountainTripTimeSample.Android.csproj", "{3460F93C-16ED-4175-921A-719721FBEAA6}"
EndProject
Project("{FAE04EC0-301F-11D3-BF4B-00C04F79EFBC}") = "MountainTripTimeSample.iOS", "MountainTripTimeSample\MountainTripTimeSample.iOS\MountainTripTimeSample.iOS.csproj", "{A32F7FAA-0866-441C-B7BC-C600B6494D87}"
EndProject
Project("{FAE04EC0-301F-11D3-BF4B-00C04F79EFBC}") = "MountainTripTimeSample", "MountainTripTimeSample\MountainTripTimeSample\MountainTripTimeSample.csproj", "{3282B60B-22F4-4DFD-89EF-1B5ADBBEF4D5}"
EndProject
Global
	GlobalSection(SolutionConfigurationPlatforms) = preSolution
		Debug|Any CPU = Debug|Any CPU
		Debug|ARM = Debug|ARM
		Debug|iPhone = Debug|iPhone
		Debug|iPhoneSimulator = Debug|iPhoneSimulator
		Debug|x64 = Debug|x64
		Debug|x86 = Debug|x86
		Release|Any CPU = Release|Any CPU
		Release|ARM = Release|ARM
		Release|iPhone = Release|iPhone
		Release|iPhoneSimulator = Release|iPhoneSimulator
		Release|x64 = Release|x64
		Release|x86 = Release|x86
	EndGlobalSection
	GlobalSection(ProjectConfigurationPlatforms) = postSolution
		{BED3B79F-F58F-4570-8BE1-CB033B1C78A4}.Debug|Any CPU.ActiveCfg = Debug|x86
		{BED3B79F-F58F-4570-8BE1-CB033B1C78A4}.Debug|Any CPU.Build.0 = Debug|x86
		{BED3B79F-F58F-4570-8BE1-CB033B1C78A4}.Debug|Any CPU.Deploy.0 = Debug|x86
		{BED3B79F-F58F-4570-8BE1-CB033B1C78A4}.Debug|ARM.ActiveCfg = Debug|ARM
		{BED3B79F-F58F-4570-8BE1-CB033B1C78A4}.Debug|ARM.Build.0 = Debug|ARM
		{BED3B79F-F58F-4570-8BE1-CB033B1C78A4}.Debug|ARM.Deploy.0 = Debug|ARM
		{BED3B79F-F58F-4570-8BE1-CB033B1C78A4}.Debug|iPhone.ActiveCfg = Debug|x86
		{BED3B79F-F58F-4570-8BE1-CB033B1C78A4}.Debug|iPhone.Build.0 = Debug|x86
		{BED3B79F-F58F-4570-8BE1-CB033B1C78A4}.Debug|iPhone.Deploy.0 = Debug|x86
		{BED3B79F-F58F-4570-8BE1-CB033B1C78A4}.Debug|iPhoneSimulator.ActiveCfg = Debug|x86
		{BED3B79F-F58F-4570-8BE1-CB033B1C78A4}.Debug|iPhoneSimulator.Build.0 = Debug|x86
		{BED3B79F-F58F-4570-8BE1-CB033B1C78A4}.Debug|iPhoneSimulator.Deploy.0 = Debug|x86
		{BED3B79F-F58F-4570-8BE1-CB033B1C78A4}.Debug|x64.ActiveCfg = Debug|x64
		{BED3B79F-F58F-4570-8BE1-CB033B1C78A4}.Debug|x64.Build.0 = Debug|x64
		{BED3B79F-F58F-4570-8BE1-CB033B1C78A4}.Debug|x64.Deploy.0 = Debug|x64
		{BED3B79F-F58F-4570-8BE1-CB033B1C78A4}.Debug|x86.ActiveCfg = Debug|x86
		{BED3B79F-F58F-4570-8BE1-CB033B1C78A4}.Debug|x86.Build.0 = Debug|x86
		{BED3B79F-F58F-4570-8BE1-CB033B1C78A4}.Debug|x86.Deploy.0 = Debug|x86
		{BED3B79F-F58F-4570-8BE1-CB033B1C78A4}.Release|Any CPU.ActiveCfg = Release|x86
		{BED3B79F-F58F-4570-8BE1-CB033B1C78A4}.Release|Any CPU.Build.0 = Release|x86
		{BED3B79F-F58F-4570-8BE1-CB033B1C78A4}.Release|Any CPU.Deploy.0 = Release|x86
		{BED3B79F-F58F-4570-8BE1-CB033B1C78A4}.Release|ARM.ActiveCfg = Release|ARM
		{BED3B79F-F58F-4570-8BE1-CB033B1C78A4}.Release|ARM.Build.0 = Release|ARM
		{BED3B79F-F58F-4570-8BE1-CB033B1C78A4}.Release|ARM.Deploy.0 = Release|ARM
		{BED3B79F-F58F-4570-8BE1-CB033B1C78A4}.Release|iPhone.ActiveCfg = Release|x86
		{BED3B79F-F58F-4570-8BE1-CB033B1C78A4}.Release|iPhone.Build.0 = Release|x86
		{BED3B79F-F58F-4570-8BE1-CB033B1C78A4}.Release|iPhone.Deploy.0 = Release|x86
		{BED3B79F-F58F-4570-8BE1-CB033B1C78A4}.Release|iPhoneSimulator.ActiveCfg = Release|x86
		{BED3B79F-F58F-4570-8BE1-CB033B1C78A4}.Release|iPhoneSimulator.Build.0 = Release|x86
		{BED3B79F-F58F-4570-8BE1-CB033B1C78A4}.Release|iPhoneSimulator.Deploy.0 = Release|x86
		{BED3B79F-F58F-4570-8BE1-CB033B1C78A4}.Release|x64.ActiveCfg = Release|x64
		{BED3B79F-F58F-4570-8BE1-CB033B1C78A4}.Release|x64.Build.0 = Release|x64
		{BED3B79F-F58F-4570-8BE1-CB033B1C78A4}.Release|x64.Deploy.0 = Release|x64
		{BED3B79F-F58F-4570-8BE1-CB033B1C78A4}.Release|x86.ActiveCfg = Release|x86
		{BED3B79F-F58F-4570-8BE1-CB033B1C78A4}.Release|x86.Build.0 = Release|x86
		{BED3B79F-F58F-4570-8BE1-CB033B1C78A4}.Release|x86.Deploy.0 = Release|x86
		{3460F93C-16ED-4175-921A-719721FBEAA6}.Debug|Any CPU.ActiveCfg = Debug|Any CPU
		{3460F93C-16ED-4175-921A-719721FBEAA6}.Debug|Any CPU.Build.0 = Debug|Any CPU
		{3460F93C-16ED-4175-921A-719721FBEAA6}.Debug|Any CPU.Deploy.0 = Debug|Any CPU
		{3460F93C-16ED-4175-921A-719721FBEAA6}.Debug|ARM.ActiveCfg = Debug|Any CPU
		{3460F93C-16ED-4175-921A-719721FBEAA6}.Debug|ARM.Build.0 = Debug|Any CPU
		{3460F93C-16ED-4175-921A-719721FBEAA6}.Debug|ARM.Deploy.0 = Debug|Any CPU
		{3460F93C-16ED-4175-921A-719721FBEAA6}.Debug|iPhone.ActiveCfg = Debug|Any CPU
		{3460F93C-16ED-4175-921A-719721FBEAA6}.Debug|iPhone.Build.0 = Debug|Any CPU
		{3460F93C-16ED-4175-921A-719721FBEAA6}.Debug|iPhone.Deploy.0 = Debug|Any CPU
		{3460F93C-16ED-4175-921A-719721FBEAA6}.Debug|iPhoneSimulator.ActiveCfg = Debug|Any CPU
		{3460F93C-16ED-4175-921A-719721FBEAA6}.Debug|iPhoneSimulator.Build.0 = Debug|Any CPU
		{3460F93C-16ED-4175-921A-719721FBEAA6}.Debug|iPhoneSimulator.Deploy.0 = Debug|Any CPU
		{3460F93C-16ED-4175-921A-719721FBEAA6}.Debug|x64.ActiveCfg = Debug|Any CPU
		{3460F93C-16ED-4175-921A-719721FBEAA6}.Debug|x64.Build.0 = Debug|Any CPU
		{3460F93C-16ED-4175-921A-719721FBEAA6}.Debug|x64.Deploy.0 = Debug|Any CPU
		{3460F93C-16ED-4175-921A-719721FBEAA6}.Debug|x86.ActiveCfg = Debug|Any CPU
		{3460F93C-16ED-4175-921A-719721FBEAA6}.Debug|x86.Build.0 = Debug|Any CPU
		{3460F93C-16ED-4175-921A-719721FBEAA6}.Debug|x86.Deploy.0 = Debug|Any CPU
		{3460F93C-16ED-4175-921A-719721FBEAA6}.Release|Any CPU.ActiveCfg = Release|Any CPU
		{3460F93C-16ED-4175-921A-719721FBEAA6}.Release|Any CPU.Build.0 = Release|Any CPU
		{3460F93C-16ED-4175-921A-719721FBEAA6}.Release|Any CPU.Deploy.0 = Release|Any CPU
		{3460F93C-16ED-4175-921A-719721FBEAA6}.Release|ARM.ActiveCfg = Release|Any CPU
		{3460F93C-16ED-4175-921A-719721FBEAA6}.Release|ARM.Build.0 = Release|Any CPU
		{3460F93C-16ED-4175-921A-719721FBEAA6}.Release|ARM.Deploy.0 = Release|Any CPU
		{3460F93C-16ED-4175-921A-719721FBEAA6}.Release|iPhone.ActiveCfg = Release|Any CPU
		{3460F93C-16ED-4175-921A-719721FBEAA6}.Release|iPhone.Build.0 = Release|Any CPU
		{3460F93C-16ED-4175-921A-719721FBEAA6}.Release|iPhone.Deploy.0 = Release|Any CPU
		{3460F93C-16ED-4175-921A-719721FBEAA6}.Release|iPhoneSimulator.ActiveCfg = Release|Any CPU
		{3460F93C-16ED-4175-921A-719721FBEAA6}.Release|iPhoneSimulator.Build.0 = Release|Any CPU
		{3460F93C-16ED-4175-921A-719721FBEAA6}.Release|iPhoneSimulator.Deploy.0 = Release|Any CPU
		{3460F93C-16ED-4175-921A-719721FBEAA6}.Release|x64.ActiveCfg = Release|Any CPU
		{3460F93C-16ED-4175-921A-719721FBEAA6}.Release|x64.Build.0 = Release|Any CPU
		{3460F93C-16ED-4175-921A-719721FBEAA6}.Release|x64.Deploy.0 = Release|Any CPU
		{3460F93C-16ED-4175-921A-719721FBEAA6}.Release|x86.ActiveCfg = Release|Any CPU
		{3460F93C-16ED-4175-921A-719721FBEAA6}.Release|x86.Build.0 = Release|Any CPU
		{3460F93C-16ED-4175-921A-719721FBEAA6}.Release|x86.Deploy.0 = Release|Any CPU
		{A32F7FAA-0866-441C-B7BC-C600B6494D87}.Debug|Any CPU.ActiveCfg = Debug|iPhone
		{A32F7FAA-0866-441C-B7BC-C600B6494D87}.Debug|Any CPU.Build.0 = Debug|iPhone
		{A32F7FAA-0866-441C-B7BC-C600B6494D87}.Debug|Any CPU.Deploy.0 = Debug|iPhone
		{A32F7FAA-0866-441C-B7BC-C600B6494D87}.Debug|ARM.ActiveCfg = Debug|iPhoneSimulator
		{A32F7FAA-0866-441C-B7BC-C600B6494D87}.Debug|ARM.Build.0 = Debug|iPhoneSimulator
		{A32F7FAA-0866-441C-B7BC-C600B6494D87}.Debug|ARM.Deploy.0 = Debug|iPhoneSimulator
		{A32F7FAA-0866-441C-B7BC-C600B6494D87}.Debug|iPhone.ActiveCfg = Debug|iPhone
		{A32F7FAA-0866-441C-B7BC-C600B6494D87}.Debug|iPhone.Build.0 = Debug|iPhone
		{A32F7FAA-0866-441C-B7BC-C600B6494D87}.Debug|iPhone.Deploy.0 = Debug|iPhone
		{A32F7FAA-0866-441C-B7BC-C600B6494D87}.Debug|iPhoneSimulator.ActiveCfg = Debug|iPhoneSimulator
		{A32F7FAA-0866-441C-B7BC-C600B6494D87}.Debug|iPhoneSimulator.Build.0 = Debug|iPhoneSimulator
		{A32F7FAA-0866-441C-B7BC-C600B6494D87}.Debug|iPhoneSimulator.Deploy.0 = Debug|iPhoneSimulator
		{A32F7FAA-0866-441C-B7BC-C600B6494D87}.Debug|x64.ActiveCfg = Debug|iPhone
		{A32F7FAA-0866-441C-B7BC-C600B6494D87}.Debug|x64.Build.0 = Debug|iPhone
		{A32F7FAA-0866-441C-B7BC-C600B6494D87}.Debug|x64.Deploy.0 = Debug|iPhone
		{A32F7FAA-0866-441C-B7BC-C600B6494D87}.Debug|x86.ActiveCfg = Debug|iPhone
		{A32F7FAA-0866-441C-B7BC-C600B6494D87}.Debug|x86.Build.0 = Debug|iPhone
		{A32F7FAA-0866-441C-B7BC-C600B6494D87}.Debug|x86.Deploy.0 = Debug|iPhone
		{A32F7FAA-0866-441C-B7BC-C600B6494D87}.Release|Any CPU.ActiveCfg = Release|iPhone
		{A32F7FAA-0866-441C-B7BC-C600B6494D87}.Release|Any CPU.Build.0 = Release|iPhone
		{A32F7FAA-0866-441C-B7BC-C600B6494D87}.Release|Any CPU.Deploy.0 = Release|iPhone
		{A32F7FAA-0866-441C-B7BC-C600B6494D87}.Release|ARM.ActiveCfg = Release|iPhone
		{A32F7FAA-0866-441C-B7BC-C600B6494D87}.Release|ARM.Build.0 = Release|iPhone
		{A32F7FAA-0866-441C-B7BC-C600B6494D87}.Release|ARM.Deploy.0 = Release|iPhone
		{A32F7FAA-0866-441C-B7BC-C600B6494D87}.Release|iPhone.ActiveCfg = Release|iPhone
		{A32F7FAA-0866-441C-B7BC-C600B6494D87}.Release|iPhone.Build.0 = Release|iPhone
		{A32F7FAA-0866-441C-B7BC-C600B6494D87}.Release|iPhone.Deploy.0 = Release|iPhone
		{A32F7FAA-0866-441C-B7BC-C600B6494D87}.Release|iPhoneSimulator.ActiveCfg = Release|iPhoneSimulator
		{A32F7FAA-0866-441C-B7BC-C600B6494D87}.Release|iPhoneSimulator.Build.0 = Release|iPhoneSimulator
		{A32F7FAA-0866-441C-B7BC-C600B6494D87}.Release|iPhoneSimulator.Deploy.0 = Release|iPhoneSimulator
		{A32F7FAA-0866-441C-B7BC-C600B6494D87}.Release|x64.ActiveCfg = Release|iPhone
		{A32F7FAA-0866-441C-B7BC-C600B6494D87}.Release|x64.Build.0 = Release|iPhone
		{A32F7FAA-0866-441C-B7BC-C600B6494D87}.Release|x64.Deploy.0 = Release|iPhone
		{A32F7FAA-0866-441C-B7BC-C600B6494D87}.Release|x86.ActiveCfg = Release|iPhone
		{A32F7FAA-0866-441C-B7BC-C600B6494D87}.Release|x86.Build.0 = Release|iPhone
		{A32F7FAA-0866-441C-B7BC-C600B6494D87}.Release|x86.Deploy.0 = Release|iPhone
		{3282B60B-22F4-4DFD-89EF-1B5ADBBEF4D5}.Debug|Any CPU.ActiveCfg = Debug|Any CPU
		{3282B60B-22F4-4DFD-89EF-1B5ADBBEF4D5}.Debug|Any CPU.Build.0 = Debug|Any CPU
		{3282B60B-22F4-4DFD-89EF-1B5ADBBEF4D5}.Debug|Any CPU.Deploy.0 = Debug|Any CPU
		{3282B60B-22F4-4DFD-89EF-1B5ADBBEF4D5}.Debug|ARM.ActiveCfg = Debug|Any CPU
		{3282B60B-22F4-4DFD-89EF-1B5ADBBEF4D5}.Debug|ARM.Build.0 = Debug|Any CPU
		{3282B60B-22F4-4DFD-89EF-1B5ADBBEF4D5}.Debug|ARM.Deploy.0 = Debug|Any CPU
		{3282B60B-22F4-4DFD-89EF-1B5ADBBEF4D5}.Debug|iPhone.ActiveCfg = Debug|Any CPU
		{3282B60B-22F4-4DFD-89EF-1B5ADBBEF4D5}.Debug|iPhone.Build.0 = Debug|Any CPU
		{3282B60B-22F4-4DFD-89EF-1B5ADBBEF4D5}.Debug|iPhone.Deploy.0 = Debug|Any CPU
		{3282B60B-22F4-4DFD-89EF-1B5ADBBEF4D5}.Debug|iPhoneSimulator.ActiveCfg = Debug|Any CPU
		{3282B60B-22F4-4DFD-89EF-1B5ADBBEF4D5}.Debug|iPhoneSimulator.Build.0 = Debug|Any CPU
		{3282B60B-22F4-4DFD-89EF-1B5ADBBEF4D5}.Debug|iPhoneSimulator.Deploy.0 = Debug|Any CPU
		{3282B60B-22F4-4DFD-89EF-1B5ADBBEF4D5}.Debug|x64.ActiveCfg = Debug|Any CPU
		{3282B60B-22F4-4DFD-89EF-1B5ADBBEF4D5}.Debug|x64.Build.0 = Debug|Any CPU
		{3282B60B-22F4-4DFD-89EF-1B5ADBBEF4D5}.Debug|x64.Deploy.0 = Debug|Any CPU
		{3282B60B-22F4-4DFD-89EF-1B5ADBBEF4D5}.Debug|x86.ActiveCfg = Debug|Any CPU
		{3282B60B-22F4-4DFD-89EF-1B5ADBBEF4D5}.Debug|x86.Build.0 = Debug|Any CPU
		{3282B60B-22F4-4DFD-89EF-1B5ADBBEF4D5}.Debug|x86.Deploy.0 = Debug|Any CPU
		{3282B60B-22F4-4DFD-89EF-1B5ADBBEF4D5}.Release|Any CPU.ActiveCfg = Release|Any CPU
		{3282B60B-22F4-4DFD-89EF-1B5ADBBEF4D5}.Release|Any CPU.Build.0 = Release|Any CPU
		{3282B60B-22F4-4DFD-89EF-1B5ADBBEF4D5}.Release|Any CPU.Deploy.0 = Release|Any CPU
		{3282B60B-22F4-4DFD-89EF-1B5ADBBEF4D5}.Release|ARM.ActiveCfg = Release|Any CPU
		{3282B60B-22F4-4DFD-89EF-1B5ADBBEF4D5}.Release|ARM.Build.0 = Release|Any CPU
		{3282B60B-22F4-4DFD-89EF-1B5ADBBEF4D5}.Release|ARM.Deploy.0 = Release|Any CPU
		{3282B60B-22F4-4DFD-89EF-1B5ADBBEF4D5}.Release|iPhone.ActiveCfg = Release|Any CPU
		{3282B60B-22F4-4DFD-89EF-1B5ADBBEF4D5}.Release|iPhone.Build.0 = Release|Any CPU
		{3282B60B-22F4-4DFD-89EF-1B5ADBBEF4D5}.Release|iPhone.Deploy.0 = Release|Any CPU
		{3282B60B-22F4-4DFD-89EF-1B5ADBBEF4D5}.Release|iPhoneSimulator.ActiveCfg = Release|Any CPU
		{3282B60B-22F4-4DFD-89EF-1B5ADBBEF4D5}.Release|iPhoneSimulator.Build.0 = Release|Any CPU
		{3282B60B-22F4-4DFD-89EF-1B5ADBBEF4D5}.Release|iPhoneSimulator.Deploy.0 = Release|Any CPU
		{3282B60B-22F4-4DFD-89EF-1B5ADBBEF4D5}.Release|x64.ActiveCfg = Release|Any CPU
		{3282B60B-22F4-4DFD-89EF-1B5ADBBEF4D5}.Release|x64.Build.0 = Release|Any CPU
		{3282B60B-22F4-4DFD-89EF-1B5ADBBEF4D5}.Release|x64.Deploy.0 = Release|Any CPU
		{3282B60B-22F4-4DFD-89EF-1B5ADBBEF4D5}.Release|x86.ActiveCfg = Release|Any CPU
		{3282B60B-22F4-4DFD-89EF-1B5ADBBEF4D5}.Release|x86.Build.0 = Release|Any CPU
		{3282B60B-22F4-4DFD-89EF-1B5ADBBEF4D5}.Release|x86.Deploy.0 = Release|Any CPU
	EndGlobalSection
	GlobalSection(SolutionProperties) = preSolution
		HideSolutionNode = FALSE
	EndGlobalSection
	GlobalSection(ExtensibilityGlobals) = postSolution
		SolutionGuid = {49F91D68-0C42-439D-BE80-E7DD180FBE85}
	EndGlobalSection
EndGlobal
